
Microsoft Visual Studio Solution File, Format Version 12.00
# Visual Studio 2017
Project("{FAE04EC0-301F-11D3-BF4B-00C04F79EFBC}") = "FastBois", "FastBois.csproj", "{C4609707-FF4E-7972-ED80-51BB68FF89F3}"
EndProject
Project("{FAE04EC0-301F-11D3-BF4B-00C04F79EFBC}") = "FastBois.Editor", "FastBois.Editor.csproj", "{8FFFC3A3-B899-4C62-E5F6-E0A338D2826A}"
EndProject
Global
	GlobalSection(SolutionConfigurationPlatforms) = preSolution
		Debug|Any CPU = Debug|Any CPU
		Release|Any CPU = Release|Any CPU
	EndGlobalSection
	GlobalSection(ProjectConfigurationPlatforms) = postSolution
		{C4609707-FF4E-7972-ED80-51BB68FF89F3}.Debug|Any CPU.ActiveCfg = Debug|Any CPU
		{C4609707-FF4E-7972-ED80-51BB68FF89F3}.Debug|Any CPU.Build.0 = Debug|Any CPU
		{C4609707-FF4E-7972-ED80-51BB68FF89F3}.Release|Any CPU.ActiveCfg = Release|Any CPU
		{C4609707-FF4E-7972-ED80-51BB68FF89F3}.Release|Any CPU.Build.0 = Release|Any CPU
		{8FFFC3A3-B899-4C62-E5F6-E0A338D2826A}.Debug|Any CPU.ActiveCfg = Debug|Any CPU
		{8FFFC3A3-B899-4C62-E5F6-E0A338D2826A}.Debug|Any CPU.Build.0 = Debug|Any CPU
		{8FFFC3A3-B899-4C62-E5F6-E0A338D2826A}.Release|Any CPU.ActiveCfg = Release|Any CPU
		{8FFFC3A3-B899-4C62-E5F6-E0A338D2826A}.Release|Any CPU.Build.0 = Release|Any CPU
	EndGlobalSection
	GlobalSection(SolutionProperties) = preSolution
		HideSolutionNode = FALSE
	EndGlobalSection
EndGlobal
